
Microsoft Visual Studio Solution File, Format Version 12.00
# Visual Studio Version 17
VisualStudioVersion = 17.4.33213.308
MinimumVisualStudioVersion = 10.0.40219.1
Project("{FAE04EC0-301F-11D3-BF4B-00C04F79EFBC}") = "WebApplication1", "WebApplication1\WebApplication1.csproj", "{DECCB52A-6D8B-4C56-AD83-F31CDFEE0D58}"
EndProject
Global
	GlobalSection(SolutionConfigurationPlatforms) = preSolution
		Debug|Any CPU = Debug|Any CPU
		Release|Any CPU = Release|Any CPU
	EndGlobalSection
	GlobalSection(ProjectConfigurationPlatforms) = postSolution
		{DECCB52A-6D8B-4C56-AD83-F31CDFEE0D58}.Debug|Any CPU.ActiveCfg = Debug|Any CPU
		{DECCB52A-6D8B-4C56-AD83-F31CDFEE0D58}.Debug|Any CPU.Build.0 = Debug|Any CPU
		{DECCB52A-6D8B-4C56-AD83-F31CDFEE0D58}.Release|Any CPU.ActiveCfg = Release|Any CPU
		{DECCB52A-6D8B-4C56-AD83-F31CDFEE0D58}.Release|Any CPU.Build.0 = Release|Any CPU
	EndGlobalSection
	GlobalSection(SolutionProperties) = preSolution
		HideSolutionNode = FALSE
	EndGlobalSection
	GlobalSection(ExtensibilityGlobals) = postSolution
		SolutionGuid = {7C178C8D-33E7-4982-AFEE-2EFCB7C4E306}
	EndGlobalSection
EndGlobal
